
Microsoft Visual Studio Solution File, Format Version 12.00
# Visual Studio 15
VisualStudioVersion = 15.0.28010.2048
MinimumVisualStudioVersion = 10.0.40219.1
Project("{FAE04EC0-301F-11D3-BF4B-00C04F79EFBC}") = "HandControl", "HandControl\HandControl.csproj", "{A36A88B6-5052-45B7-AB22-FD3C2FA2776A}"
EndProject
Global
	GlobalSection(SolutionConfigurationPlatforms) = preSolution
		Debug|Any CPU = Debug|Any CPU
		Release|Any CPU = Release|Any CPU
	EndGlobalSection
	GlobalSection(ProjectConfigurationPlatforms) = postSolution
		{A36A88B6-5052-45B7-AB22-FD3C2FA2776A}.Debug|Any CPU.ActiveCfg = Debug|Any CPU
		{A36A88B6-5052-45B7-AB22-FD3C2FA2776A}.Debug|Any CPU.Build.0 = Debug|Any CPU
		{A36A88B6-5052-45B7-AB22-FD3C2FA2776A}.Release|Any CPU.ActiveCfg = Release|Any CPU
		{A36A88B6-5052-45B7-AB22-FD3C2FA2776A}.Release|Any CPU.Build.0 = Release|Any CPU
	EndGlobalSection
	GlobalSection(SolutionProperties) = preSolution
		HideSolutionNode = FALSE
	EndGlobalSection
	GlobalSection(ExtensibilityGlobals) = postSolution
		SolutionGuid = {868E57C4-26B5-4DCF-A769-8C52C5540876}
	EndGlobalSection
EndGlobal
